
Microsoft Visual Studio Solution File, Format Version 12.00
Project("{FAE04EC0-301F-11D3-BF4B-00C04F79EFBC}") = "Cassini.Printer", "Cassini.Printer\Cassini.Printer.csproj", "{B2A4468C-2CA1-462D-ABC9-DF86D86784FF}"
EndProject
Project("{FAE04EC0-301F-11D3-BF4B-00C04F79EFBC}") = "Cassini.Cli", "Cassini.Cli\Cassini.Cli.csproj", "{36165467-CED8-4BCF-AAC5-CBFDDF2C1797}"
EndProject
Project("{FAE04EC0-301F-11D3-BF4B-00C04F79EFBC}") = "Cassini.Web", "Cassini.Web\Cassini.Web.csproj", "{7B5997F3-7203-4BE0-848A-CB93EE49D48B}"
EndProject
Project("{FAE04EC0-301F-11D3-BF4B-00C04F79EFBC}") = "Cassini.App", "Cassini.App\Cassini.App.csproj", "{4D86628F-829E-43C0-8F9C-7BA6D4D08DE6}"
EndProject
Global
	GlobalSection(SolutionConfigurationPlatforms) = preSolution
		Debug|Any CPU = Debug|Any CPU
		Release|Any CPU = Release|Any CPU
	EndGlobalSection
	GlobalSection(ProjectConfigurationPlatforms) = postSolution
		{B2A4468C-2CA1-462D-ABC9-DF86D86784FF}.Debug|Any CPU.ActiveCfg = Debug|Any CPU
		{B2A4468C-2CA1-462D-ABC9-DF86D86784FF}.Debug|Any CPU.Build.0 = Debug|Any CPU
		{B2A4468C-2CA1-462D-ABC9-DF86D86784FF}.Release|Any CPU.ActiveCfg = Release|Any CPU
		{B2A4468C-2CA1-462D-ABC9-DF86D86784FF}.Release|Any CPU.Build.0 = Release|Any CPU
		{36165467-CED8-4BCF-AAC5-CBFDDF2C1797}.Debug|Any CPU.ActiveCfg = Debug|Any CPU
		{36165467-CED8-4BCF-AAC5-CBFDDF2C1797}.Debug|Any CPU.Build.0 = Debug|Any CPU
		{36165467-CED8-4BCF-AAC5-CBFDDF2C1797}.Release|Any CPU.ActiveCfg = Release|Any CPU
		{36165467-CED8-4BCF-AAC5-CBFDDF2C1797}.Release|Any CPU.Build.0 = Release|Any CPU
		{7B5997F3-7203-4BE0-848A-CB93EE49D48B}.Debug|Any CPU.ActiveCfg = Debug|Any CPU
		{7B5997F3-7203-4BE0-848A-CB93EE49D48B}.Debug|Any CPU.Build.0 = Debug|Any CPU
		{7B5997F3-7203-4BE0-848A-CB93EE49D48B}.Release|Any CPU.ActiveCfg = Release|Any CPU
		{7B5997F3-7203-4BE0-848A-CB93EE49D48B}.Release|Any CPU.Build.0 = Release|Any CPU
		{4D86628F-829E-43C0-8F9C-7BA6D4D08DE6}.Debug|Any CPU.ActiveCfg = Debug|Any CPU
		{4D86628F-829E-43C0-8F9C-7BA6D4D08DE6}.Debug|Any CPU.Build.0 = Debug|Any CPU
		{4D86628F-829E-43C0-8F9C-7BA6D4D08DE6}.Release|Any CPU.ActiveCfg = Release|Any CPU
		{4D86628F-829E-43C0-8F9C-7BA6D4D08DE6}.Release|Any CPU.Build.0 = Release|Any CPU
	EndGlobalSection
EndGlobal
